
Microsoft Visual Studio Solution File, Format Version 12.00
# Visual Studio 14
VisualStudioVersion = 14.0.25420.1
MinimumVisualStudioVersion = 10.0.40219.1
Project("{FAE04EC0-301F-11D3-BF4B-00C04F79EFBC}") = "GameCenter.Web", "GameCenter.Web\GameCenter.Web.csproj", "{B11D818B-6016-4A9F-9AF5-B7F233B5DA28}"
EndProject
Project("{FAE04EC0-301F-11D3-BF4B-00C04F79EFBC}") = "GameCenter.Web.Manage", "GameCenter.Web.Manage\GameCenter.Web.Manage.csproj", "{945390EB-E687-4C8C-B6B9-F4A88F5E1172}"
EndProject
Project("{FAE04EC0-301F-11D3-BF4B-00C04F79EFBC}") = "GameCenter.Core", "GameCenter.Core\GameCenter.Core.csproj", "{8DEA4E60-EB42-4A99-A758-B88819DA4344}"
EndProject
Project("{FAE04EC0-301F-11D3-BF4B-00C04F79EFBC}") = "GameCenter.Data", "GameCenter.Data\GameCenter.Data.csproj", "{36D737DD-679C-4A69-BBC1-59FDAB51B8B4}"
EndProject
Project("{FAE04EC0-301F-11D3-BF4B-00C04F79EFBC}") = "GameCenter.Entity", "GameCenter.Entity\GameCenter.Entity.csproj", "{5501D844-3389-43F3-B5E2-EA44EB934428}"
EndProject
Project("{FAE04EC0-301F-11D3-BF4B-00C04F79EFBC}") = "GameCenter.Test", "GameCenter.Test\GameCenter.Test.csproj", "{0DA3DD22-048F-467D-BD48-F0C4762E2018}"
EndProject
Global
	GlobalSection(SolutionConfigurationPlatforms) = preSolution
		Debug|Any CPU = Debug|Any CPU
		Release|Any CPU = Release|Any CPU
	EndGlobalSection
	GlobalSection(ProjectConfigurationPlatforms) = postSolution
		{B11D818B-6016-4A9F-9AF5-B7F233B5DA28}.Debug|Any CPU.ActiveCfg = Debug|Any CPU
		{B11D818B-6016-4A9F-9AF5-B7F233B5DA28}.Debug|Any CPU.Build.0 = Debug|Any CPU
		{B11D818B-6016-4A9F-9AF5-B7F233B5DA28}.Release|Any CPU.ActiveCfg = Release|Any CPU
		{B11D818B-6016-4A9F-9AF5-B7F233B5DA28}.Release|Any CPU.Build.0 = Release|Any CPU
		{945390EB-E687-4C8C-B6B9-F4A88F5E1172}.Debug|Any CPU.ActiveCfg = Debug|Any CPU
		{945390EB-E687-4C8C-B6B9-F4A88F5E1172}.Debug|Any CPU.Build.0 = Debug|Any CPU
		{945390EB-E687-4C8C-B6B9-F4A88F5E1172}.Release|Any CPU.ActiveCfg = Release|Any CPU
		{945390EB-E687-4C8C-B6B9-F4A88F5E1172}.Release|Any CPU.Build.0 = Release|Any CPU
		{8DEA4E60-EB42-4A99-A758-B88819DA4344}.Debug|Any CPU.ActiveCfg = Debug|Any CPU
		{8DEA4E60-EB42-4A99-A758-B88819DA4344}.Debug|Any CPU.Build.0 = Debug|Any CPU
		{8DEA4E60-EB42-4A99-A758-B88819DA4344}.Release|Any CPU.ActiveCfg = Release|Any CPU
		{8DEA4E60-EB42-4A99-A758-B88819DA4344}.Release|Any CPU.Build.0 = Release|Any CPU
		{36D737DD-679C-4A69-BBC1-59FDAB51B8B4}.Debug|Any CPU.ActiveCfg = Debug|Any CPU
		{36D737DD-679C-4A69-BBC1-59FDAB51B8B4}.Debug|Any CPU.Build.0 = Debug|Any CPU
		{36D737DD-679C-4A69-BBC1-59FDAB51B8B4}.Release|Any CPU.ActiveCfg = Release|Any CPU
		{36D737DD-679C-4A69-BBC1-59FDAB51B8B4}.Release|Any CPU.Build.0 = Release|Any CPU
		{5501D844-3389-43F3-B5E2-EA44EB934428}.Debug|Any CPU.ActiveCfg = Debug|Any CPU
		{5501D844-3389-43F3-B5E2-EA44EB934428}.Debug|Any CPU.Build.0 = Debug|Any CPU
		{5501D844-3389-43F3-B5E2-EA44EB934428}.Release|Any CPU.ActiveCfg = Release|Any CPU
		{5501D844-3389-43F3-B5E2-EA44EB934428}.Release|Any CPU.Build.0 = Release|Any CPU
		{0DA3DD22-048F-467D-BD48-F0C4762E2018}.Debug|Any CPU.ActiveCfg = Debug|Any CPU
		{0DA3DD22-048F-467D-BD48-F0C4762E2018}.Debug|Any CPU.Build.0 = Debug|Any CPU
		{0DA3DD22-048F-467D-BD48-F0C4762E2018}.Release|Any CPU.ActiveCfg = Release|Any CPU
		{0DA3DD22-048F-467D-BD48-F0C4762E2018}.Release|Any CPU.Build.0 = Release|Any CPU
	EndGlobalSection
	GlobalSection(SolutionProperties) = preSolution
		HideSolutionNode = FALSE
	EndGlobalSection
EndGlobal
